
Microsoft Visual Studio Solution File, Format Version 12.00
# Visual Studio Version 16
VisualStudioVersion = 16.0.29609.76
MinimumVisualStudioVersion = 10.0.40219.1
Project("{FAE04EC0-301F-11D3-BF4B-00C04F79EFBC}") = "Lab4", "Lab4.csproj", "{89D5E486-35E3-4D46-8A82-11DD19E17E5B}"
EndProject
Global
	GlobalSection(SolutionConfigurationPlatforms) = preSolution
		Debug|Any CPU = Debug|Any CPU
		Release|Any CPU = Release|Any CPU
	EndGlobalSection
	GlobalSection(ProjectConfigurationPlatforms) = postSolution
		{89D5E486-35E3-4D46-8A82-11DD19E17E5B}.Debug|Any CPU.ActiveCfg = Debug|Any CPU
		{89D5E486-35E3-4D46-8A82-11DD19E17E5B}.Debug|Any CPU.Build.0 = Debug|Any CPU
		{89D5E486-35E3-4D46-8A82-11DD19E17E5B}.Release|Any CPU.ActiveCfg = Release|Any CPU
		{89D5E486-35E3-4D46-8A82-11DD19E17E5B}.Release|Any CPU.Build.0 = Release|Any CPU
	EndGlobalSection
	GlobalSection(SolutionProperties) = preSolution
		HideSolutionNode = FALSE
	EndGlobalSection
	GlobalSection(ExtensibilityGlobals) = postSolution
		SolutionGuid = {7D4FB620-670C-4F50-916E-F2266BACC665}
	EndGlobalSection
EndGlobal
